
Microsoft Visual Studio Solution File, Format Version 12.00
# Visual Studio Version 17
VisualStudioVersion = 17.5.33516.290
MinimumVisualStudioVersion = 10.0.40219.1
Project("{FAE04EC0-301F-11D3-BF4B-00C04F79EFBC}") = "PudelkoLib", "PudelkoLib\PudelkoLib.csproj", "{F5EB55AA-A114-4E48-9644-19DAA961D4B9}"
EndProject
Project("{FAE04EC0-301F-11D3-BF4B-00C04F79EFBC}") = "PudelkoApp", "PudelkoApp\PudelkoApp.csproj", "{C03AA94D-E013-4BCC-B203-499BE6AAF826}"
EndProject
Project("{FAE04EC0-301F-11D3-BF4B-00C04F79EFBC}") = "PudelkoUnitTest", "PudelkoUnitTest\PudelkoUnitTest.csproj", "{E4877550-C6B9-4925-ACF2-2C97467E70CB}"
EndProject
Global
	GlobalSection(SolutionConfigurationPlatforms) = preSolution
		Debug|Any CPU = Debug|Any CPU
		Release|Any CPU = Release|Any CPU
	EndGlobalSection
	GlobalSection(ProjectConfigurationPlatforms) = postSolution
		{F5EB55AA-A114-4E48-9644-19DAA961D4B9}.Debug|Any CPU.ActiveCfg = Debug|Any CPU
		{F5EB55AA-A114-4E48-9644-19DAA961D4B9}.Debug|Any CPU.Build.0 = Debug|Any CPU
		{F5EB55AA-A114-4E48-9644-19DAA961D4B9}.Release|Any CPU.ActiveCfg = Release|Any CPU
		{F5EB55AA-A114-4E48-9644-19DAA961D4B9}.Release|Any CPU.Build.0 = Release|Any CPU
		{C03AA94D-E013-4BCC-B203-499BE6AAF826}.Debug|Any CPU.ActiveCfg = Debug|Any CPU
		{C03AA94D-E013-4BCC-B203-499BE6AAF826}.Debug|Any CPU.Build.0 = Debug|Any CPU
		{C03AA94D-E013-4BCC-B203-499BE6AAF826}.Release|Any CPU.ActiveCfg = Release|Any CPU
		{C03AA94D-E013-4BCC-B203-499BE6AAF826}.Release|Any CPU.Build.0 = Release|Any CPU
		{E4877550-C6B9-4925-ACF2-2C97467E70CB}.Debug|Any CPU.ActiveCfg = Debug|Any CPU
		{E4877550-C6B9-4925-ACF2-2C97467E70CB}.Debug|Any CPU.Build.0 = Debug|Any CPU
		{E4877550-C6B9-4925-ACF2-2C97467E70CB}.Release|Any CPU.ActiveCfg = Release|Any CPU
		{E4877550-C6B9-4925-ACF2-2C97467E70CB}.Release|Any CPU.Build.0 = Release|Any CPU
	EndGlobalSection
	GlobalSection(SolutionProperties) = preSolution
		HideSolutionNode = FALSE
	EndGlobalSection
	GlobalSection(ExtensibilityGlobals) = postSolution
		SolutionGuid = {CAEBCCA7-46F4-47F6-8BD0-32A68E18EA72}
	EndGlobalSection
EndGlobal
